
Microsoft Visual Studio Solution File, Format Version 12.00
# Visual Studio Version 17
VisualStudioVersion = 17.4.33110.190
MinimumVisualStudioVersion = 10.0.40219.1
Project("{9A19103F-16F7-4668-BE54-9A1E7A4F7556}") = "LaMiaPizzeriaModel", "LaMiaPizzeria1\LaMiaPizzeriaModel.csproj", "{8521B130-FA38-4B08-8277-2B8708268AB6}"
EndProject
Project("{9A19103F-16F7-4668-BE54-9A1E7A4F7556}") = "LaMiaPizzeriaConCategoriaEOrdini", "LaMiaPizzeriaConCategoriaEOrdini\LaMiaPizzeriaConCategoriaEOrdini.csproj", "{30A65C57-8AA3-4AF7-9C65-EF7923C72BAE}"
EndProject
Project("{9A19103F-16F7-4668-BE54-9A1E7A4F7556}") = "LaMiaPizzeriaCategoriaETag", "LaMiaPizzeriaCategoriaETag\LaMiaPizzeriaCategoriaETag.csproj", "{567A92D8-CF4E-4280-BD3E-861F2B462D3D}"
EndProject
Project("{9A19103F-16F7-4668-BE54-9A1E7A4F7556}") = "LaMiaPizzeriaCategoriaETagELogin", "LaMiaPizzeriaCategoriaETagELogin\LaMiaPizzeriaCategoriaETagELogin.csproj", "{72D31E67-5535-4AF3-ACC3-DC88F2F66A4C}"
EndProject
Global
	GlobalSection(SolutionConfigurationPlatforms) = preSolution
		Debug|Any CPU = Debug|Any CPU
		Release|Any CPU = Release|Any CPU
	EndGlobalSection
	GlobalSection(ProjectConfigurationPlatforms) = postSolution
		{8521B130-FA38-4B08-8277-2B8708268AB6}.Debug|Any CPU.ActiveCfg = Debug|Any CPU
		{8521B130-FA38-4B08-8277-2B8708268AB6}.Debug|Any CPU.Build.0 = Debug|Any CPU
		{8521B130-FA38-4B08-8277-2B8708268AB6}.Release|Any CPU.ActiveCfg = Release|Any CPU
		{8521B130-FA38-4B08-8277-2B8708268AB6}.Release|Any CPU.Build.0 = Release|Any CPU
		{30A65C57-8AA3-4AF7-9C65-EF7923C72BAE}.Debug|Any CPU.ActiveCfg = Debug|Any CPU
		{30A65C57-8AA3-4AF7-9C65-EF7923C72BAE}.Debug|Any CPU.Build.0 = Debug|Any CPU
		{30A65C57-8AA3-4AF7-9C65-EF7923C72BAE}.Release|Any CPU.ActiveCfg = Release|Any CPU
		{30A65C57-8AA3-4AF7-9C65-EF7923C72BAE}.Release|Any CPU.Build.0 = Release|Any CPU
		{567A92D8-CF4E-4280-BD3E-861F2B462D3D}.Debug|Any CPU.ActiveCfg = Debug|Any CPU
		{567A92D8-CF4E-4280-BD3E-861F2B462D3D}.Debug|Any CPU.Build.0 = Debug|Any CPU
		{567A92D8-CF4E-4280-BD3E-861F2B462D3D}.Release|Any CPU.ActiveCfg = Release|Any CPU
		{567A92D8-CF4E-4280-BD3E-861F2B462D3D}.Release|Any CPU.Build.0 = Release|Any CPU
		{72D31E67-5535-4AF3-ACC3-DC88F2F66A4C}.Debug|Any CPU.ActiveCfg = Debug|Any CPU
		{72D31E67-5535-4AF3-ACC3-DC88F2F66A4C}.Debug|Any CPU.Build.0 = Debug|Any CPU
		{72D31E67-5535-4AF3-ACC3-DC88F2F66A4C}.Release|Any CPU.ActiveCfg = Release|Any CPU
		{72D31E67-5535-4AF3-ACC3-DC88F2F66A4C}.Release|Any CPU.Build.0 = Release|Any CPU
	EndGlobalSection
	GlobalSection(SolutionProperties) = preSolution
		HideSolutionNode = FALSE
	EndGlobalSection
	GlobalSection(ExtensibilityGlobals) = postSolution
		SolutionGuid = {B42151BB-F061-4B99-83BB-8FC53444D8AD}
	EndGlobalSection
EndGlobal
